
Microsoft Visual Studio Solution File, Format Version 12.00
# Visual Studio Version 16
VisualStudioVersion = 16.0.29319.158
MinimumVisualStudioVersion = 10.0.40219.1
Project("{FAE04EC0-301F-11D3-BF4B-00C04F79EFBC}") = "MyApp.Server", "src\MyApp.Server\MyApp.Server.csproj", "{11CC3F71-415A-43C2-A816-8B3D514523F6}"
EndProject
Project("{FAE04EC0-301F-11D3-BF4B-00C04F79EFBC}") = "MyApp.Client", "src\MyApp.Client\MyApp.Client.csproj", "{F910A6A8-F94E-4090-9AEB-88FDCB5DBE05}"
EndProject
Project("{FAE04EC0-301F-11D3-BF4B-00C04F79EFBC}") = "Vega", "src\Vega\Vega.csproj", "{A2A1702B-657C-4CAB-B27E-89959FACAE94}"
EndProject
Global
	GlobalSection(SolutionConfigurationPlatforms) = preSolution
		Debug|Any CPU = Debug|Any CPU
		Release|Any CPU = Release|Any CPU
	EndGlobalSection
	GlobalSection(ProjectConfigurationPlatforms) = postSolution
		{11CC3F71-415A-43C2-A816-8B3D514523F6}.Debug|Any CPU.ActiveCfg = Debug|Any CPU
		{11CC3F71-415A-43C2-A816-8B3D514523F6}.Debug|Any CPU.Build.0 = Debug|Any CPU
		{11CC3F71-415A-43C2-A816-8B3D514523F6}.Release|Any CPU.ActiveCfg = Release|Any CPU
		{11CC3F71-415A-43C2-A816-8B3D514523F6}.Release|Any CPU.Build.0 = Release|Any CPU
		{F910A6A8-F94E-4090-9AEB-88FDCB5DBE05}.Debug|Any CPU.ActiveCfg = Debug|Any CPU
		{F910A6A8-F94E-4090-9AEB-88FDCB5DBE05}.Debug|Any CPU.Build.0 = Debug|Any CPU
		{F910A6A8-F94E-4090-9AEB-88FDCB5DBE05}.Release|Any CPU.ActiveCfg = Release|Any CPU
		{F910A6A8-F94E-4090-9AEB-88FDCB5DBE05}.Release|Any CPU.Build.0 = Release|Any CPU
		{A2A1702B-657C-4CAB-B27E-89959FACAE94}.Debug|Any CPU.ActiveCfg = Debug|Any CPU
		{A2A1702B-657C-4CAB-B27E-89959FACAE94}.Debug|Any CPU.Build.0 = Debug|Any CPU
		{A2A1702B-657C-4CAB-B27E-89959FACAE94}.Release|Any CPU.ActiveCfg = Release|Any CPU
		{A2A1702B-657C-4CAB-B27E-89959FACAE94}.Release|Any CPU.Build.0 = Release|Any CPU
	EndGlobalSection
	GlobalSection(SolutionProperties) = preSolution
		HideSolutionNode = FALSE
	EndGlobalSection
	GlobalSection(ExtensibilityGlobals) = postSolution
		SolutionGuid = {589A489B-35E7-4D64-AB88-4B20E6CD2EDB}
	EndGlobalSection
EndGlobal
